// !$*UTF8*$!
{
	archiveVersion = 1;
	classes = {
	};
	objectVersion = 46;
	objects = {

/* Begin PBXBuildFile section */
		C660B8671BEEB6A00099A5E9 /* ColorWheel.m in Sources */ = {isa = PBXBuildFile; fileRef = C660B8661BEEB6A00099A5E9 /* ColorWheel.m */; };
		C6C41B241BEB024300E26EE7 /* main.m in Sources */ = {isa = PBXBuildFile; fileRef = C6C41B231BEB024300E26EE7 /* main.m */; };
		C6C41B271BEB024300E26EE7 /* AppDelegate.m in Sources */ = {isa = PBXBuildFile; fileRef = C6C41B261BEB024300E26EE7 /* AppDelegate.m */; };
		C6C41B2A1BEB024300E26EE7 /* ViewController.m in Sources */ = {isa = PBXBuildFile; fileRef = C6C41B291BEB024300E26EE7 /* ViewController.m */; };
		C6C41B2D1BEB024300E26EE7 /* Main.storyboard in Resources */ = {isa = PBXBuildFile; fileRef = C6C41B2B1BEB024300E26EE7 /* Main.storyboard */; };
		C6C41B2F1BEB024300E26EE7 /* Assets.xcassets in Resources */ = {isa = PBXBuildFile; fileRef = C6C41B2E1BEB024300E26EE7 /* Assets.xcassets */; };
		C6C41B321BEB024300E26EE7 /* LaunchScreen.storyboard in Resources */ = {isa = PBXBuildFile; fileRef = C6C41B301BEB024300E26EE7 /* LaunchScreen.storyboard */; };
		C6C41B3D1BEB024300E26EE7 /* FunFactsTests.m in Sources */ = {isa = PBXBuildFile; fileRef = C6C41B3C1BEB024300E26EE7 /* FunFactsTests.m */; };
		C6C41B481BEB024300E26EE7 /* FunFactsUITests.m in Sources */ = {isa = PBXBuildFile; fileRef = C6C41B471BEB024300E26EE7 /* FunFactsUITests.m */; };
		EC7169861BED444100FACE3A /* FactBook.m in Sources */ = {isa = PBXBuildFile; fileRef = EC7169851BED444100FACE3A /* FactBook.m */; };
/* End PBXBuildFile section */

/* Begin PBXContainerItemProxy section */
		C6C41B391BEB024300E26EE7 /* PBXContainerItemProxy */ = {
			isa = PBXContainerItemProxy;
			containerPortal = C6C41B171BEB024300E26EE7 /* Project object */;
			proxyType = 1;
			remoteGlobalIDString = C6C41B1E1BEB024300E26EE7;
			remoteInfo = FunFacts;
		};
		C6C41B441BEB024300E26EE7 /* PBXContainerItemProxy */ = {
			isa = PBXContainerItemProxy;
			containerPortal = C6C41B171BEB024300E26EE7 /* Project object */;
			proxyType = 1;
			remoteGlobalIDString = C6C41B1E1BEB024300E26EE7;
			remoteInfo = FunFacts;
		};
/* End PBXContainerItemProxy section */

/* Begin PBXFileReference section */
		C660B8651BEEB6A00099A5E9 /* ColorWheel.h */ = {isa = PBXFileReference; fileEncoding = 4; lastKnownFileType = sourcecode.c.h; path = ColorWheel.h; sourceTree = "<group>"; };
		C660B8661BEEB6A00099A5E9 /* ColorWheel.m */ = {isa = PBXFileReference; fileEncoding = 4; lastKnownFileType = sourcecode.c.objc; path = ColorWheel.m; sourceTree = "<group>"; };
		C6C41B1F1BEB024300E26EE7 /* FunFacts.app */ = {isa = PBXFileReference; explicitFileType = wrapper.application; includeInIndex = 0; path = FunFacts.app; sourceTree = BUILT_PRODUCTS_DIR; };
		C6C41B231BEB024300E26EE7 /* main.m */ = {isa = PBXFileReference; lastKnownFileType = sourcecode.c.objc; path = main.m; sourceTree = "<group>"; };
		C6C41B251BEB024300E26EE7 /* AppDelegate.h */ = {isa = PBXFileReference; lastKnownFileType = sourcecode.c.h; path = AppDelegate.h; sourceTree = "<group>"; };
		C6C41B261BEB024300E26EE7 /* AppDelegate.m */ = {isa = PBXFileReference; lastKnownFileType = sourcecode.c.objc; path = AppDelegate.m; sourceTree = "<group>"; };
		C6C41B281BEB024300E26EE7 /* ViewController.h */ = {isa = PBXFileReference; lastKnownFileType = sourcecode.c.h; path = ViewController.h; sourceTree = "<group>"; };
		C6C41B291BEB024300E26EE7 /* ViewController.m */ = {isa = PBXFileReference; lastKnownFileType = sourcecode.c.objc; path = ViewController.m; sourceTree = "<group>"; };
		C6C41B2C1BEB024300E26EE7 /* Base */ = {isa = PBXFileReference; lastKnownFileType = file.storyboard; name = Base; path = Base.lproj/Main.storyboard; sourceTree = "<group>"; };
		C6C41B2E1BEB024300E26EE7 /* Assets.xcassets */ = {isa = PBXFileReference; lastKnownFileType = folder.assetcatalog; path = Assets.xcassets; sourceTree = "<group>"; };
		C6C41B311BEB024300E26EE7 /* Base */ = {isa = PBXFileReference; lastKnownFileType = file.storyboard; name = Base; path = Base.lproj/LaunchScreen.storyboard; sourceTree = "<group>"; };
		C6C41B331BEB024300E26EE7 /* Info.plist */ = {isa = PBXFileReference; lastKnownFileType = text.plist.xml; path = Info.plist; sourceTree = "<group>"; };
		C6C41B381BEB024300E26EE7 /* FunFactsTests.xctest */ = {isa = PBXFileReference; explicitFileType = wrapper.cfbundle; includeInIndex = 0; path = FunFactsTests.xctest; sourceTree = BUILT_PRODUCTS_DIR; };
		C6C41B3C1BEB024300E26EE7 /* FunFactsTests.m */ = {isa = PBXFileReference; lastKnownFileType = sourcecode.c.objc; path = FunFactsTests.m; sourceTree = "<group>"; };
		C6C41B3E1BEB024300E26EE7 /* Info.plist */ = {isa = PBXFileReference; lastKnownFileType = text.plist.xml; path = Info.plist; sourceTree = "<group>"; };
		C6C41B431BEB024300E26EE7 /* FunFactsUITests.xctest */ = {isa = PBXFileReference; explicitFileType = wrapper.cfbundle; includeInIndex = 0; path = FunFactsUITests.xctest; sourceTree = BUILT_PRODUCTS_DIR; };
		C6C41B471BEB024300E26EE7 /* FunFactsUITests.m */ = {isa = PBXFileReference; lastKnownFileType = sourcecode.c.objc; path = FunFactsUITests.m; sourceTree = "<group>"; };
		C6C41B491BEB024300E26EE7 /* Info.plist */ = {isa = PBXFileReference; lastKnownFileType = text.plist.xml; path = Info.plist; sourceTree = "<group>"; };
		EC7169841BED444100FACE3A /* FactBook.h */ = {isa = PBXFileReference; fileEncoding = 4; lastKnownFileType = sourcecode.c.h; path = FactBook.h; sourceTree = "<group>"; };
		EC7169851BED444100FACE3A /* FactBook.m */ = {isa = PBXFileReference; fileEncoding = 4; lastKnownFileType = sourcecode.c.objc; path = FactBook.m; sourceTree = "<group>"; };
/* End PBXFileReference section */

/* Begin PBXFrameworksBuildPhase section */
		C6C41B1C1BEB024300E26EE7 /* Frameworks */ = {
			isa = PBXFrameworksBuildPhase;
			buildActionMask = 2147483647;
			files = (
			);
			runOnlyForDeploymentPostprocessing = 0;
		};
		C6C41B351BEB024300E26EE7 /* Frameworks */ = {
			isa = PBXFrameworksBuildPhase;
			buildActionMask = 2147483647;
			files = (
			);
			runOnlyForDeploymentPostprocessing = 0;
		};
		C6C41B401BEB024300E26EE7 /* Frameworks */ = {
			isa = PBXFrameworksBuildPhase;
			buildActionMask = 2147483647;
			files = (
			);
			runOnlyForDeploymentPostprocessing = 0;
		};
/* End PBXFrameworksBuildPhase section */

/* Begin PBXGroup section */
		C6C41B161BEB024300E26EE7 = {
			isa = PBXGroup;
			children = (
				C6C41B211BEB024300E26EE7 /* FunFacts */,
				C6C41B3B1BEB024300E26EE7 /* FunFactsTests */,
				C6C41B461BEB024300E26EE7 /* FunFactsUITests */,
				C6C41B201BEB024300E26EE7 /* Products */,
			);
			sourceTree = "<group>";
		};
		C6C41B201BEB024300E26EE7 /* Products */ = {
			isa = PBXGroup;
			children = (
				C6C41B1F1BEB024300E26EE7 /* FunFacts.app */,
				C6C41B381BEB024300E26EE7 /* FunFactsTests.xctest */,
				C6C41B431BEB024300E26EE7 /* FunFactsUITests.xctest */,
			);
			name = Products;
			sourceTree = "<group>";
		};
		C6C41B211BEB024300E26EE7 /* FunFacts */ = {
			isa = PBXGroup;
			children = (
				C6C41B251BEB024300E26EE7 /* AppDelegate.h */,
				C6C41B261BEB024300E26EE7 /* AppDelegate.m */,
				C6C41B281BEB024300E26EE7 /* ViewController.h */,
				C6C41B291BEB024300E26EE7 /* ViewController.m */,
				EC7169841BED444100FACE3A /* FactBook.h */,
				EC7169851BED444100FACE3A /* FactBook.m */,
				C660B8651BEEB6A00099A5E9 /* ColorWheel.h */,
				C660B8661BEEB6A00099A5E9 /* ColorWheel.m */,
				C6C41B2B1BEB024300E26EE7 /* Main.storyboard */,
				C6C41B2E1BEB024300E26EE7 /* Assets.xcassets */,
				C6C41B301BEB024300E26EE7 /* LaunchScreen.storyboard */,
				C6C41B331BEB024300E26EE7 /* Info.plist */,
				C6C41B221BEB024300E26EE7 /* Supporting Files */,
			);
			path = FunFacts;
			sourceTree = "<group>";
		};
		C6C41B221BEB024300E26EE7 /* Supporting Files */ = {
			isa = PBXGroup;
			children = (
				C6C41B231BEB024300E26EE7 /* main.m */,
			);
			name = "Supporting Files";
			sourceTree = "<group>";
		};
		C6C41B3B1BEB024300E26EE7 /* FunFactsTests */ = {
			isa = PBXGroup;
			children = (
				C6C41B3C1BEB024300E26EE7 /* FunFactsTests.m */,
				C6C41B3E1BEB024300E26EE7 /* Info.plist */,
			);
			path = FunFactsTests;
			sourceTree = "<group>";
		};
		C6C41B461BEB024300E26EE7 /* FunFactsUITests */ = {
			isa = PBXGroup;
			children = (
				C6C41B471BEB024300E26EE7 /* FunFactsUITests.m */,
				C6C41B491BEB024300E26EE7 /* Info.plist */,
			);
			path = FunFactsUITests;
			sourceTree = "<group>";
		};
/* End PBXGroup section */

/* Begin PBXNativeTarget section */
		C6C41B1E1BEB024300E26EE7 /* FunFacts */ = {
			isa = PBXNativeTarget;
			buildConfigurationList = C6C41B4C1BEB024300E26EE7 /* Build configuration list for PBXNativeTarget "FunFacts" */;
			buildPhases = (
				C6C41B1B1BEB024300E26EE7 /* Sources */,
				C6C41B1C1BEB024300E26EE7 /* Frameworks */,
				C6C41B1D1BEB024300E26EE7 /* Resources */,
			);
			buildRules = (
			);
			dependencies = (
			);
			name = FunFacts;
			productName = FunFacts;
			productReference = C6C41B1F1BEB024300E26EE7 /* FunFacts.app */;
			productType = "com.apple.product-type.application";
		};
		C6C41B371BEB024300E26EE7 /* FunFactsTests */ = {
			isa = PBXNativeTarget;
			buildConfigurationList = C6C41B4F1BEB024300E26EE7 /* Build configuration list for PBXNativeTarget "FunFactsTests" */;
			buildPhases = (
				C6C41B341BEB024300E26EE7 /* Sources */,
				C6C41B351BEB024300E26EE7 /* Frameworks */,
				C6C41B361BEB024300E26EE7 /* Resources */,
			);
			buildRules = (
			);
			dependencies = (
				C6C41B3A1BEB024300E26EE7 /* PBXTargetDependency */,
			);
			name = FunFactsTests;
			productName = FunFactsTests;
			productReference = C6C41B381BEB024300E26EE7 /* FunFactsTests.xctest */;
			productType = "com.apple.product-type.bundle.unit-test";
		};
		C6C41B421BEB024300E26EE7 /* FunFactsUITests */ = {
			isa = PBXNativeTarget;
			buildConfigurationList = C6C41B521BEB024300E26EE7 /* Build configuration list for PBXNativeTarget "FunFactsUITests" */;
			buildPhases = (
				C6C41B3F1BEB024300E26EE7 /* Sources */,
				C6C41B401BEB024300E26EE7 /* Frameworks */,
				C6C41B411BEB024300E26EE7 /* Resources */,
			);
			buildRules = (
			);
			dependencies = (
				C6C41B451BEB024300E26EE7 /* PBXTargetDependency */,
			);
			name = FunFactsUITests;
			productName = FunFactsUITests;
			productReference = C6C41B431BEB024300E26EE7 /* FunFactsUITests.xctest */;
			productType = "com.apple.product-type.bundle.ui-testing";
		};
/* End PBXNativeTarget section */

/* Begin PBXProject section */
		C6C41B171BEB024300E26EE7 /* Project object */ = {
			isa = PBXProject;
			attributes = {
				LastUpgradeCheck = 0710;
				ORGANIZATIONNAME = "Quentin Berry";
				TargetAttributes = {
					C6C41B1E1BEB024300E26EE7 = {
						CreatedOnToolsVersion = 7.1;
						DevelopmentTeam = T9M388KYA4;
					};
					C6C41B371BEB024300E26EE7 = {
						CreatedOnToolsVersion = 7.1;
						DevelopmentTeam = T9M388KYA4;
						TestTargetID = C6C41B1E1BEB024300E26EE7;
					};
					C6C41B421BEB024300E26EE7 = {
						CreatedOnToolsVersion = 7.1;
						DevelopmentTeam = T9M388KYA4;
						TestTargetID = C6C41B1E1BEB024300E26EE7;
					};
				};
			};
			buildConfigurationList = C6C41B1A1BEB024300E26EE7 /* Build configuration list for PBXProject "FunFacts" */;
			compatibilityVersion = "Xcode 3.2";
			developmentRegion = English;
			hasScannedForEncodings = 0;
			knownRegions = (
				en,
				Base,
			);
			mainGroup = C6C41B161BEB024300E26EE7;
			productRefGroup = C6C41B201BEB024300E26EE7 /* Products */;
			projectDirPath = "";
			projectRoot = "";
			targets = (
				C6C41B1E1BEB024300E26EE7 /* FunFacts */,
				C6C41B371BEB024300E26EE7 /* FunFactsTests */,
				C6C41B421BEB024300E26EE7 /* FunFactsUITests */,
			);
		};
/* End PBXProject section */

/* Begin PBXResourcesBuildPhase section */
		C6C41B1D1BEB024300E26EE7 /* Resources */ = {
			isa = PBXResourcesBuildPhase;
			buildActionMask = 2147483647;
			files = (
				C6C41B321BEB024300E26EE7 /* LaunchScreen.storyboard in Resources */,
				C6C41B2F1BEB024300E26EE7 /* Assets.xcassets in Resources */,
				C6C41B2D1BEB024300E26EE7 /* Main.storyboard in Resources */,
			);
			runOnlyForDeploymentPostprocessing = 0;
		};
		C6C41B361BEB024300E26EE7 /* Resources */ = {
			isa = PBXResourcesBuildPhase;
			buildActionMask = 2147483647;
			files = (
			);
			runOnlyForDeploymentPostprocessing = 0;
		};
		C6C41B411BEB024300E26EE7 /* Resources */ = {
			isa = PBXResourcesBuildPhase;
			buildActionMask = 2147483647;
			files = (
			);
			runOnlyForDeploymentPostprocessing = 0;
		};
/* End PBXResourcesBuildPhase section */

/* Begin PBXSourcesBuildPhase section */
		C6C41B1B1BEB024300E26EE7 /* Sources */ = {
			isa = PBXSourcesBuildPhase;
			buildActionMask = 2147483647;
			files = (
				C6C41B2A1BEB024300E26EE7 /* ViewController.m in Sources */,
				C6C41B271BEB024300E26EE7 /* AppDelegate.m in Sources */,
				EC7169861BED444100FACE3A /* FactBook.m in Sources */,
				C6C41B241BEB024300E26EE7 /* main.m in Sources */,
				C660B8671BEEB6A00099A5E9 /* ColorWheel.m in Sources */,
			);
			runOnlyForDeploymentPostprocessing = 0;
		};
		C6C41B341BEB024300E26EE7 /* Sources */ = {
			isa = PBXSourcesBuildPhase;
			buildActionMask = 2147483647;
			files = (
				C6C41B3D1BEB024300E26EE7 /* FunFactsTests.m in Sources */,
			);
			runOnlyForDeploymentPostprocessing = 0;
		};
		C6C41B3F1BEB024300E26EE7 /* Sources */ = {
			isa = PBXSourcesBuildPhase;
			buildActionMask = 2147483647;
			files = (
				C6C41B481BEB024300E26EE7 /* FunFactsUITests.m in Sources */,
			);
			runOnlyForDeploymentPostprocessing = 0;
		};
/* End PBXSourcesBuildPhase section */

/* Begin PBXTargetDependency section */
		C6C41B3A1BEB024300E26EE7 /* PBXTargetDependency */ = {
			isa = PBXTargetDependency;
			target = C6C41B1E1BEB024300E26EE7 /* FunFacts */;
			targetProxy = C6C41B391BEB024300E26EE7 /* PBXContainerItemProxy */;
		};
		C6C41B451BEB024300E26EE7 /* PBXTargetDependency */ = {
			isa = PBXTargetDependency;
			target = C6C41B1E1BEB024300E26EE7 /* FunFacts */;
			targetProxy = C6C41B441BEB024300E26EE7 /* PBXContainerItemProxy */;
		};
/* End PBXTargetDependency section */

/* Begin PBXVariantGroup section */
		C6C41B2B1BEB024300E26EE7 /* Main.storyboard */ = {
			isa = PBXVariantGroup;
			children = (
				C6C41B2C1BEB024300E26EE7 /* Base */,
			);
			name = Main.storyboard;
			sourceTree = "<group>";
		};
		C6C41B301BEB024300E26EE7 /* LaunchScreen.storyboard */ = {
			isa = PBXVariantGroup;
			children = (
				C6C41B311BEB024300E26EE7 /* Base */,
			);
			name = LaunchScreen.storyboard;
			sourceTree = "<group>";
		};
/* End PBXVariantGroup section */

/* Begin XCBuildConfiguration section */
		C6C41B4A1BEB024300E26EE7 /* Debug */ = {
			isa = XCBuildConfiguration;
			buildSettings = {
				ALWAYS_SEARCH_USER_PATHS = NO;
				CLANG_CXX_LANGUAGE_STANDARD = "gnu++0x";
				CLANG_CXX_LIBRARY = "libc++";
				CLANG_ENABLE_MODULES = YES;
				CLANG_ENABLE_OBJC_ARC = YES;
				CLANG_WARN_BOOL_CONVERSION = YES;
				CLANG_WARN_CONSTANT_CONVERSION = YES;
				CLANG_WARN_DIRECT_OBJC_ISA_USAGE = YES_ERROR;
				CLANG_WARN_EMPTY_BODY = YES;
				CLANG_WARN_ENUM_CONVERSION = YES;
				CLANG_WARN_INT_CONVERSION = YES;
				CLANG_WARN_OBJC_ROOT_CLASS = YES_ERROR;
				CLANG_WARN_UNREACHABLE_CODE = YES;
				CLANG_WARN__DUPLICATE_METHOD_MATCH = YES;
				"CODE_SIGN_IDENTITY[sdk=iphoneos*]" = "iPhone Developer";
				COPY_PHASE_STRIP = NO;
				DEBUG_INFORMATION_FORMAT = dwarf;
				ENABLE_STRICT_OBJC_MSGSEND = YES;
				ENABLE_TESTABILITY = YES;
				GCC_C_LANGUAGE_STANDARD = gnu99;
				GCC_DYNAMIC_NO_PIC = NO;
				GCC_NO_COMMON_BLOCKS = YES;
				GCC_OPTIMIZATION_LEVEL = 0;
				GCC_PREPROCESSOR_DEFINITIONS = (
					"DEBUG=1",
					"$(inherited)",
				);
				GCC_WARN_64_TO_32_BIT_CONVERSION = YES;
				GCC_WARN_ABOUT_RETURN_TYPE = YES_ERROR;
				GCC_WARN_UNDECLARED_SELECTOR = YES;
				GCC_WARN_UNINITIALIZED_AUTOS = YES_AGGRESSIVE;
				GCC_WARN_UNUSED_FUNCTION = YES;
				GCC_WARN_UNUSED_VARIABLE = YES;
				IPHONEOS_DEPLOYMENT_TARGET = 9.1;
				MTL_ENABLE_DEBUG_INFO = YES;
				ONLY_ACTIVE_ARCH = YES;
				SDKROOT = iphoneos;
			};
			name = Debug;
		};
		C6C41B4B1BEB024300E26EE7 /* Release */ = {
			isa = XCBuildConfiguration;
			buildSettings = {
				ALWAYS_SEARCH_USER_PATHS = NO;
				CLANG_CXX_LANGUAGE_STANDARD = "gnu++0x";
				CLANG_CXX_LIBRARY = "libc++";
				CLANG_ENABLE_MODULES = YES;
				CLANG_ENABLE_OBJC_ARC = YES;
				CLANG_WARN_BOOL_CONVERSION = YES;
				CLANG_WARN_CONSTANT_CONVERSION = YES;
				CLANG_WARN_DIRECT_OBJC_ISA_USAGE = YES_ERROR;
				CLANG_WARN_EMPTY_BODY = YES;
				CLANG_WARN_ENUM_CONVERSION = YES;
				CLANG_WARN_INT_CONVERSION = YES;
				CLANG_WARN_OBJC_ROOT_CLASS = YES_ERROR;
				CLANG_WARN_UNREACHABLE_CODE = YES;
				CLANG_WARN__DUPLICATE_METHOD_MATCH = YES;
				"CODE_SIGN_IDENTITY[sdk=iphoneos*]" = "iPhone Developer";
				COPY_PHASE_STRIP = NO;
				DEBUG_INFORMATION_FORMAT = "dwarf-with-dsym";
				ENABLE_NS_ASSERTIONS = NO;
				ENABLE_STRICT_OBJC_MSGSEND = YES;
				GCC_C_LANGUAGE_STANDARD = gnu99;
				GCC_NO_COMMON_BLOCKS = YES;
				GCC_WARN_64_TO_32_BIT_CONVERSION = YES;
				GCC_WARN_ABOUT_RETURN_TYPE = YES_ERROR;
				GCC_WARN_UNDECLARED_SELECTOR = YES;
				GCC_WARN_UNINITIALIZED_AUTOS = YES_AGGRESSIVE;
				GCC_WARN_UNUSED_FUNCTION = YES;
				GCC_WARN_UNUSED_VARIABLE = YES;
				IPHONEOS_DEPLOYMENT_TARGET = 9.1;
				MTL_ENABLE_DEBUG_INFO = NO;
				SDKROOT = iphoneos;
				VALIDATE_PRODUCT = YES;
			};
			name = Release;
		};
		C6C41B4D1BEB024300E26EE7 /* Debug */ = {
			isa = XCBuildConfiguration;
			buildSettings = {
				ASSETCATALOG_COMPILER_APPICON_NAME = AppIcon;
				INFOPLIST_FILE = FunFacts/Info.plist;
				LD_RUNPATH_SEARCH_PATHS = "$(inherited) @executable_path/Frameworks";
				PRODUCT_BUNDLE_IDENTIFIER = net.qbxen.FunFacts;
				PRODUCT_NAME = "$(TARGET_NAME)";
			};
			name = Debug;
		};
		C6C41B4E1BEB024300E26EE7 /* Release */ = {
			isa = XCBuildConfiguration;
			buildSettings = {
				ASSETCATALOG_COMPILER_APPICON_NAME = AppIcon;
				INFOPLIST_FILE = FunFacts/Info.plist;
				LD_RUNPATH_SEARCH_PATHS = "$(inherited) @executable_path/Frameworks";
				PRODUCT_BUNDLE_IDENTIFIER = net.qbxen.FunFacts;
				PRODUCT_NAME = "$(TARGET_NAME)";
			};
			name = Release;
		};
		C6C41B501BEB024300E26EE7 /* Debug */ = {
			isa = XCBuildConfiguration;
			buildSettings = {
				BUNDLE_LOADER = "$(TEST_HOST)";
				INFOPLIST_FILE = FunFactsTests/Info.plist;
				LD_RUNPATH_SEARCH_PATHS = "$(inherited) @executable_path/Frameworks @loader_path/Frameworks";
				PRODUCT_BUNDLE_IDENTIFIER = net.qbxen.FunFactsTests;
				PRODUCT_NAME = "$(TARGET_NAME)";
				TEST_HOST = "$(BUILT_PRODUCTS_DIR)/FunFacts.app/FunFacts";
			};
			name = Debug;
		};
		C6C41B511BEB024300E26EE7 /* Release */ = {
			isa = XCBuildConfiguration;
			buildSettings = {
				BUNDLE_LOADER = "$(TEST_HOST)";
				INFOPLIST_FILE = FunFactsTests/Info.plist;
				LD_RUNPATH_SEARCH_PATHS = "$(inherited) @executable_path/Frameworks @loader_path/Frameworks";
				PRODUCT_BUNDLE_IDENTIFIER = net.qbxen.FunFactsTests;
				PRODUCT_NAME = "$(TARGET_NAME)";
				TEST_HOST = "$(BUILT_PRODUCTS_DIR)/FunFacts.app/FunFacts";
			};
			name = Release;
		};
		C6C41B531BEB024300E26EE7 /* Debug */ = {
			isa = XCBuildConfiguration;
			buildSettings = {
				INFOPLIST_FILE = FunFactsUITests/Info.plist;
				LD_RUNPATH_SEARCH_PATHS = "$(inherited) @executable_path/Frameworks @loader_path/Frameworks";
				PRODUCT_BUNDLE_IDENTIFIER = net.qbxen.FunFactsUITests;
				PRODUCT_NAME = "$(TARGET_NAME)";
				TEST_TARGET_NAME = FunFacts;
				USES_XCTRUNNER = YES;
			};
			name = Debug;
		};
		C6C41B541BEB024300E26EE7 /* Release */ = {
			isa = XCBuildConfiguration;
			buildSettings = {
				INFOPLIST_FILE = FunFactsUITests/Info.plist;
				LD_RUNPATH_SEARCH_PATHS = "$(inherited) @executable_path/Frameworks @loader_path/Frameworks";
				PRODUCT_BUNDLE_IDENTIFIER = net.qbxen.FunFactsUITests;
				PRODUCT_NAME = "$(TARGET_NAME)";
				TEST_TARGET_NAME = FunFacts;
				USES_XCTRUNNER = YES;
			};
			name = Release;
		};
/* End XCBuildConfiguration section */

/* Begin XCConfigurationList section */
		C6C41B1A1BEB024300E26EE7 /* Build configuration list for PBXProject "FunFacts" */ = {
			isa = XCConfigurationList;
			buildConfigurations = (
				C6C41B4A1BEB024300E26EE7 /* Debug */,
				C6C41B4B1BEB024300E26EE7 /* Release */,
			);
			defaultConfigurationIsVisible = 0;
			defaultConfigurationName = Release;
		};
		C6C41B4C1BEB024300E26EE7 /* Build configuration list for PBXNativeTarget "FunFacts" */ = {
			isa = XCConfigurationList;
			buildConfigurations = (
				C6C41B4D1BEB024300E26EE7 /* Debug */,
				C6C41B4E1BEB024300E26EE7 /* Release */,
			);
			defaultConfigurationIsVisible = 0;
			defaultConfigurationName = Release;
		};
		C6C41B4F1BEB024300E26EE7 /* Build configuration list for PBXNativeTarget "FunFactsTests" */ = {
			isa = XCConfigurationList;
			buildConfigurations = (
				C6C41B501BEB024300E26EE7 /* Debug */,
				C6C41B511BEB024300E26EE7 /* Release */,
			);
			defaultConfigurationIsVisible = 0;
			defaultConfigurationName = Release;
		};
		C6C41B521BEB024300E26EE7 /* Build configuration list for PBXNativeTarget "FunFactsUITests" */ = {
			isa = XCConfigurationList;
			buildConfigurations = (
				C6C41B531BEB024300E26EE7 /* Debug */,
				C6C41B541BEB024300E26EE7 /* Release */,
			);
			defaultConfigurationIsVisible = 0;
			defaultConfigurationName = Release;
		};
/* End XCConfigurationList section */
	};
	rootObject = C6C41B171BEB024300E26EE7 /* Project object */;
}
